
Microsoft Visual Studio Solution File, Format Version 12.00
# Visual Studio Version 16
VisualStudioVersion = 16.0.34407.143
MinimumVisualStudioVersion = 10.0.40219.1
Project("{FAE04EC0-301F-11D3-BF4B-00C04F79EFBC}") = "MoPhongDijkstra", "MoPhongDijkstra\MoPhongDijkstra.csproj", "{4FD3F334-D078-4CA3-86A4-AE858E3104B1}"
EndProject
Global
	GlobalSection(SolutionConfigurationPlatforms) = preSolution
		Debug|Any CPU = Debug|Any CPU
		Release|Any CPU = Release|Any CPU
	EndGlobalSection
	GlobalSection(ProjectConfigurationPlatforms) = postSolution
		{4FD3F334-D078-4CA3-86A4-AE858E3104B1}.Debug|Any CPU.ActiveCfg = Debug|Any CPU
		{4FD3F334-D078-4CA3-86A4-AE858E3104B1}.Debug|Any CPU.Build.0 = Debug|Any CPU
		{4FD3F334-D078-4CA3-86A4-AE858E3104B1}.Release|Any CPU.ActiveCfg = Release|Any CPU
		{4FD3F334-D078-4CA3-86A4-AE858E3104B1}.Release|Any CPU.Build.0 = Release|Any CPU
	EndGlobalSection
	GlobalSection(SolutionProperties) = preSolution
		HideSolutionNode = FALSE
	EndGlobalSection
	GlobalSection(ExtensibilityGlobals) = postSolution
		SolutionGuid = {02177644-75E7-46C2-8419-A07A31FA64F2}
	EndGlobalSection
EndGlobal
